
Microsoft Visual Studio Solution File, Format Version 12.00
Project("{FAE04EC0-301F-11D3-BF4B-00C04F79EFBC}") = "AverageTemperature", "AverageTemperature\AverageTemperature.csproj", "{1B04EC6E-022F-405E-90F3-150197635A76}"
EndProject
Project("{FAE04EC0-301F-11D3-BF4B-00C04F79EFBC}") = "AverageTemperatureTests", "AverageTemperatureTests\AverageTemperatureTests.csproj", "{0FFD0A20-881A-4D0F-A86A-AB200B38A7F6}"
EndProject
Project("{FAE04EC0-301F-11D3-BF4B-00C04F79EFBC}") = "MonthName", "MonthName\MonthName.csproj", "{981D8D87-7736-42BA-8DEE-958DA9E31110}"
EndProject
Project("{FAE04EC0-301F-11D3-BF4B-00C04F79EFBC}") = "EvenOdd", "EvenOdd\EvenOdd.csproj", "{99B45ABC-E302-4706-B791-38A882552B44}"
EndProject
Project("{FAE04EC0-301F-11D3-BF4B-00C04F79EFBC}") = "Receipt", "Receipt\Receipt.csproj", "{F945C91B-33FA-4485-9DE1-DA48E4CF65F2}"
EndProject
Global
	GlobalSection(SolutionConfigurationPlatforms) = preSolution
		Debug|Any CPU = Debug|Any CPU
		Release|Any CPU = Release|Any CPU
	EndGlobalSection
	GlobalSection(ProjectConfigurationPlatforms) = postSolution
		{1B04EC6E-022F-405E-90F3-150197635A76}.Debug|Any CPU.ActiveCfg = Debug|Any CPU
		{1B04EC6E-022F-405E-90F3-150197635A76}.Debug|Any CPU.Build.0 = Debug|Any CPU
		{1B04EC6E-022F-405E-90F3-150197635A76}.Release|Any CPU.ActiveCfg = Release|Any CPU
		{1B04EC6E-022F-405E-90F3-150197635A76}.Release|Any CPU.Build.0 = Release|Any CPU
		{0FFD0A20-881A-4D0F-A86A-AB200B38A7F6}.Debug|Any CPU.ActiveCfg = Debug|Any CPU
		{0FFD0A20-881A-4D0F-A86A-AB200B38A7F6}.Debug|Any CPU.Build.0 = Debug|Any CPU
		{0FFD0A20-881A-4D0F-A86A-AB200B38A7F6}.Release|Any CPU.ActiveCfg = Release|Any CPU
		{0FFD0A20-881A-4D0F-A86A-AB200B38A7F6}.Release|Any CPU.Build.0 = Release|Any CPU
		{981D8D87-7736-42BA-8DEE-958DA9E31110}.Debug|Any CPU.ActiveCfg = Debug|Any CPU
		{981D8D87-7736-42BA-8DEE-958DA9E31110}.Debug|Any CPU.Build.0 = Debug|Any CPU
		{981D8D87-7736-42BA-8DEE-958DA9E31110}.Release|Any CPU.ActiveCfg = Release|Any CPU
		{981D8D87-7736-42BA-8DEE-958DA9E31110}.Release|Any CPU.Build.0 = Release|Any CPU
		{99B45ABC-E302-4706-B791-38A882552B44}.Debug|Any CPU.ActiveCfg = Debug|Any CPU
		{99B45ABC-E302-4706-B791-38A882552B44}.Debug|Any CPU.Build.0 = Debug|Any CPU
		{99B45ABC-E302-4706-B791-38A882552B44}.Release|Any CPU.ActiveCfg = Release|Any CPU
		{99B45ABC-E302-4706-B791-38A882552B44}.Release|Any CPU.Build.0 = Release|Any CPU
		{F945C91B-33FA-4485-9DE1-DA48E4CF65F2}.Debug|Any CPU.ActiveCfg = Debug|Any CPU
		{F945C91B-33FA-4485-9DE1-DA48E4CF65F2}.Debug|Any CPU.Build.0 = Debug|Any CPU
		{F945C91B-33FA-4485-9DE1-DA48E4CF65F2}.Release|Any CPU.ActiveCfg = Release|Any CPU
		{F945C91B-33FA-4485-9DE1-DA48E4CF65F2}.Release|Any CPU.Build.0 = Release|Any CPU
	EndGlobalSection
EndGlobal
